{
  "nodes": {
    "nixpkgs": {
      "locked": {
        "lastModified": 1748319691,
        "narHash": "sha256-LD/Ay+YGSuQMinAee0qfRdP3zSot7F7PTL5tNT7h1sk=",
        "owner": "NixOS",
        "repo": "nixpkgs",
        "rev": "5bd1c9f85ad8ea7aee256d785f9455ee106a0348",
        "type": "github"
      },
      "original": {
        "owner": "NixOS",
        "repo": "nixpkgs",
        "rev": "5bd1c9f85ad8ea7aee256d785f9455ee106a0348",
        "type": "github"
      }
    },
    "root": {
      "inputs": {
        "nixpkgs": "nixpkgs"
      }
    }
  },
  "root": "root",
  "version": 7
}
