{
  "nodes": {
    "nixpkgs": {
      "locked": {
        "lastModified": 1749601539,
        "narHash": "sha256-fARGz1m93rE6n/e63Diy2MC9kXxlXRJJwUyUipEij70=",
        "owner": "NixOS",
        "repo": "nixpkgs",
        "rev": "4a0faaa92e52312a0c9f7bd10d57a9effcd4682e",
        "type": "github"
      },
      "original": {
        "owner": "NixOS",
        "repo": "nixpkgs",
        "rev": "4a0faaa92e52312a0c9f7bd10d57a9effcd4682e",
        "type": "github"
      }
    },
    "root": {
      "inputs": {
        "nixpkgs": "nixpkgs"
      }
    }
  },
  "root": "root",
  "version": 7
}
